
Microsoft Visual Studio Solution File, Format Version 12.00
# Visual Studio Version 17
VisualStudioVersion = 17.0.31903.59
MinimumVisualStudioVersion = 10.0.40219.1
Project("{2150E333-8FDC-42A3-9474-1A3956D46DE8}") = "Mcp", "Mcp", "{60D02A9B-BD8A-21E2-79E7-27A6B3D0EB49}"
EndProject
Project("{FAE04EC0-301F-11D3-BF4B-00C04F79EFBC}") = "HeroMcp", "Mcp\HeroMcp.csproj", "{A9F44B9C-BE7C-42C2-8CB7-73D6903F2843}"
EndProject
Project("{2150E333-8FDC-42A3-9474-1A3956D46DE8}") = "Api", "Api", "{E68FBB0C-B825-439B-9865-1E41568FE97A}"
EndProject
Project("{FAE04EC0-301F-11D3-BF4B-00C04F79EFBC}") = "Application", "Api\src\Application\Application.csproj", "{1CA4EE8D-CCA3-45E1-AEA3-D19F64EC121A}"
EndProject
Project("{FAE04EC0-301F-11D3-BF4B-00C04F79EFBC}") = "Domain", "Api\src\Domain\Domain.csproj", "{2EE44D0D-799A-43FF-84AA-421E09020D97}"
EndProject
Project("{FAE04EC0-301F-11D3-BF4B-00C04F79EFBC}") = "Infrastructure", "Api\src\Infrastructure\Infrastructure.csproj", "{BF193F25-98CE-47E9-BB87-20E4BD5EAA20}"
EndProject
Project("{FAE04EC0-301F-11D3-BF4B-00C04F79EFBC}") = "WebApi", "Api\src\WebApi\WebApi.csproj", "{57211E7D-4582-4366-AC90-F9F3BC7E8DDE}"
EndProject
Project("{FAE04EC0-301F-11D3-BF4B-00C04F79EFBC}") = "Architecture.Tests", "Api\tests\Architecture.Tests\Architecture.Tests.csproj", "{A3FB4AA9-F944-41A0-9315-377648C410D5}"
EndProject
Project("{FAE04EC0-301F-11D3-BF4B-00C04F79EFBC}") = "Domain.UnitTests", "Api\tests\Domain.UnitTests\Domain.UnitTests.csproj", "{11985EE3-60B1-430F-A00E-676D991D00A8}"
EndProject
Project("{FAE04EC0-301F-11D3-BF4B-00C04F79EFBC}") = "WebApi.IntegrationTests", "Api\tests\WebApi.IntegrationTests\WebApi.IntegrationTests.csproj", "{8B15638A-B702-4E4E-B9EE-00FB2F45AD8A}"
EndProject
Project("{FAE04EC0-301F-11D3-BF4B-00C04F79EFBC}") = "AppHost", "Api\tools\AppHost\AppHost.csproj", "{ECE07D31-630F-4968-816D-001EED587019}"
EndProject
Project("{FAE04EC0-301F-11D3-BF4B-00C04F79EFBC}") = "MigrationService", "Api\tools\MigrationService\MigrationService.csproj", "{57F3EBA5-5B28-4A9A-B353-970FB111915B}"
EndProject
Project("{2150E333-8FDC-42A3-9474-1A3956D46DE8}") = "Tools", "Tools", "{5E1FFB85-2755-48AE-BCEA-0CCF0915BBA8}"
EndProject
Project("{2150E333-8FDC-42A3-9474-1A3956D46DE8}") = "Src", "Src", "{492CBA12-1FFA-4BE8-92F3-1E31EE8105FD}"
EndProject
Project("{2150E333-8FDC-42A3-9474-1A3956D46DE8}") = "Test", "Test", "{F896FC17-DD5D-494B-8690-4D1916D2B1BB}"
EndProject
Project("{2150E333-8FDC-42A3-9474-1A3956D46DE8}") = ".sln", ".sln", "{D0F5F42E-C2E3-48AD-BD59-68E5EFD56C4B}"
	ProjectSection(SolutionItems) = preProject
		readme.md = readme.md
	EndProjectSection
EndProject
Global
	GlobalSection(SolutionConfigurationPlatforms) = preSolution
		Debug|Any CPU = Debug|Any CPU
		Debug|x64 = Debug|x64
		Debug|x86 = Debug|x86
		Release|Any CPU = Release|Any CPU
		Release|x64 = Release|x64
		Release|x86 = Release|x86
	EndGlobalSection
	GlobalSection(ProjectConfigurationPlatforms) = postSolution
		{A9F44B9C-BE7C-42C2-8CB7-73D6903F2843}.Debug|Any CPU.ActiveCfg = Debug|Any CPU
		{A9F44B9C-BE7C-42C2-8CB7-73D6903F2843}.Debug|Any CPU.Build.0 = Debug|Any CPU
		{A9F44B9C-BE7C-42C2-8CB7-73D6903F2843}.Debug|x64.ActiveCfg = Debug|Any CPU
		{A9F44B9C-BE7C-42C2-8CB7-73D6903F2843}.Debug|x64.Build.0 = Debug|Any CPU
		{A9F44B9C-BE7C-42C2-8CB7-73D6903F2843}.Debug|x86.ActiveCfg = Debug|Any CPU
		{A9F44B9C-BE7C-42C2-8CB7-73D6903F2843}.Debug|x86.Build.0 = Debug|Any CPU
		{A9F44B9C-BE7C-42C2-8CB7-73D6903F2843}.Release|Any CPU.ActiveCfg = Release|Any CPU
		{A9F44B9C-BE7C-42C2-8CB7-73D6903F2843}.Release|Any CPU.Build.0 = Release|Any CPU
		{A9F44B9C-BE7C-42C2-8CB7-73D6903F2843}.Release|x64.ActiveCfg = Release|Any CPU
		{A9F44B9C-BE7C-42C2-8CB7-73D6903F2843}.Release|x64.Build.0 = Release|Any CPU
		{A9F44B9C-BE7C-42C2-8CB7-73D6903F2843}.Release|x86.ActiveCfg = Release|Any CPU
		{A9F44B9C-BE7C-42C2-8CB7-73D6903F2843}.Release|x86.Build.0 = Release|Any CPU
		{1CA4EE8D-CCA3-45E1-AEA3-D19F64EC121A}.Debug|Any CPU.ActiveCfg = Debug|Any CPU
		{1CA4EE8D-CCA3-45E1-AEA3-D19F64EC121A}.Debug|Any CPU.Build.0 = Debug|Any CPU
		{1CA4EE8D-CCA3-45E1-AEA3-D19F64EC121A}.Debug|x64.ActiveCfg = Debug|Any CPU
		{1CA4EE8D-CCA3-45E1-AEA3-D19F64EC121A}.Debug|x64.Build.0 = Debug|Any CPU
		{1CA4EE8D-CCA3-45E1-AEA3-D19F64EC121A}.Debug|x86.ActiveCfg = Debug|Any CPU
		{1CA4EE8D-CCA3-45E1-AEA3-D19F64EC121A}.Debug|x86.Build.0 = Debug|Any CPU
		{1CA4EE8D-CCA3-45E1-AEA3-D19F64EC121A}.Release|Any CPU.ActiveCfg = Release|Any CPU
		{1CA4EE8D-CCA3-45E1-AEA3-D19F64EC121A}.Release|Any CPU.Build.0 = Release|Any CPU
		{1CA4EE8D-CCA3-45E1-AEA3-D19F64EC121A}.Release|x64.ActiveCfg = Release|Any CPU
		{1CA4EE8D-CCA3-45E1-AEA3-D19F64EC121A}.Release|x64.Build.0 = Release|Any CPU
		{1CA4EE8D-CCA3-45E1-AEA3-D19F64EC121A}.Release|x86.ActiveCfg = Release|Any CPU
		{1CA4EE8D-CCA3-45E1-AEA3-D19F64EC121A}.Release|x86.Build.0 = Release|Any CPU
		{2EE44D0D-799A-43FF-84AA-421E09020D97}.Debug|Any CPU.ActiveCfg = Debug|Any CPU
		{2EE44D0D-799A-43FF-84AA-421E09020D97}.Debug|Any CPU.Build.0 = Debug|Any CPU
		{2EE44D0D-799A-43FF-84AA-421E09020D97}.Debug|x64.ActiveCfg = Debug|Any CPU
		{2EE44D0D-799A-43FF-84AA-421E09020D97}.Debug|x64.Build.0 = Debug|Any CPU
		{2EE44D0D-799A-43FF-84AA-421E09020D97}.Debug|x86.ActiveCfg = Debug|Any CPU
		{2EE44D0D-799A-43FF-84AA-421E09020D97}.Debug|x86.Build.0 = Debug|Any CPU
		{2EE44D0D-799A-43FF-84AA-421E09020D97}.Release|Any CPU.ActiveCfg = Release|Any CPU
		{2EE44D0D-799A-43FF-84AA-421E09020D97}.Release|Any CPU.Build.0 = Release|Any CPU
		{2EE44D0D-799A-43FF-84AA-421E09020D97}.Release|x64.ActiveCfg = Release|Any CPU
		{2EE44D0D-799A-43FF-84AA-421E09020D97}.Release|x64.Build.0 = Release|Any CPU
		{2EE44D0D-799A-43FF-84AA-421E09020D97}.Release|x86.ActiveCfg = Release|Any CPU
		{2EE44D0D-799A-43FF-84AA-421E09020D97}.Release|x86.Build.0 = Release|Any CPU
		{BF193F25-98CE-47E9-BB87-20E4BD5EAA20}.Debug|Any CPU.ActiveCfg = Debug|Any CPU
		{BF193F25-98CE-47E9-BB87-20E4BD5EAA20}.Debug|Any CPU.Build.0 = Debug|Any CPU
		{BF193F25-98CE-47E9-BB87-20E4BD5EAA20}.Debug|x64.ActiveCfg = Debug|Any CPU
		{BF193F25-98CE-47E9-BB87-20E4BD5EAA20}.Debug|x64.Build.0 = Debug|Any CPU
		{BF193F25-98CE-47E9-BB87-20E4BD5EAA20}.Debug|x86.ActiveCfg = Debug|Any CPU
		{BF193F25-98CE-47E9-BB87-20E4BD5EAA20}.Debug|x86.Build.0 = Debug|Any CPU
		{BF193F25-98CE-47E9-BB87-20E4BD5EAA20}.Release|Any CPU.ActiveCfg = Release|Any CPU
		{BF193F25-98CE-47E9-BB87-20E4BD5EAA20}.Release|Any CPU.Build.0 = Release|Any CPU
		{BF193F25-98CE-47E9-BB87-20E4BD5EAA20}.Release|x64.ActiveCfg = Release|Any CPU
		{BF193F25-98CE-47E9-BB87-20E4BD5EAA20}.Release|x64.Build.0 = Release|Any CPU
		{BF193F25-98CE-47E9-BB87-20E4BD5EAA20}.Release|x86.ActiveCfg = Release|Any CPU
		{BF193F25-98CE-47E9-BB87-20E4BD5EAA20}.Release|x86.Build.0 = Release|Any CPU
		{57211E7D-4582-4366-AC90-F9F3BC7E8DDE}.Debug|Any CPU.ActiveCfg = Debug|Any CPU
		{57211E7D-4582-4366-AC90-F9F3BC7E8DDE}.Debug|Any CPU.Build.0 = Debug|Any CPU
		{57211E7D-4582-4366-AC90-F9F3BC7E8DDE}.Debug|x64.ActiveCfg = Debug|Any CPU
		{57211E7D-4582-4366-AC90-F9F3BC7E8DDE}.Debug|x64.Build.0 = Debug|Any CPU
		{57211E7D-4582-4366-AC90-F9F3BC7E8DDE}.Debug|x86.ActiveCfg = Debug|Any CPU
		{57211E7D-4582-4366-AC90-F9F3BC7E8DDE}.Debug|x86.Build.0 = Debug|Any CPU
		{57211E7D-4582-4366-AC90-F9F3BC7E8DDE}.Release|Any CPU.ActiveCfg = Release|Any CPU
		{57211E7D-4582-4366-AC90-F9F3BC7E8DDE}.Release|Any CPU.Build.0 = Release|Any CPU
		{57211E7D-4582-4366-AC90-F9F3BC7E8DDE}.Release|x64.ActiveCfg = Release|Any CPU
		{57211E7D-4582-4366-AC90-F9F3BC7E8DDE}.Release|x64.Build.0 = Release|Any CPU
		{57211E7D-4582-4366-AC90-F9F3BC7E8DDE}.Release|x86.ActiveCfg = Release|Any CPU
		{57211E7D-4582-4366-AC90-F9F3BC7E8DDE}.Release|x86.Build.0 = Release|Any CPU
		{A3FB4AA9-F944-41A0-9315-377648C410D5}.Debug|Any CPU.ActiveCfg = Debug|Any CPU
		{A3FB4AA9-F944-41A0-9315-377648C410D5}.Debug|Any CPU.Build.0 = Debug|Any CPU
		{A3FB4AA9-F944-41A0-9315-377648C410D5}.Debug|x64.ActiveCfg = Debug|Any CPU
		{A3FB4AA9-F944-41A0-9315-377648C410D5}.Debug|x64.Build.0 = Debug|Any CPU
		{A3FB4AA9-F944-41A0-9315-377648C410D5}.Debug|x86.ActiveCfg = Debug|Any CPU
		{A3FB4AA9-F944-41A0-9315-377648C410D5}.Debug|x86.Build.0 = Debug|Any CPU
		{A3FB4AA9-F944-41A0-9315-377648C410D5}.Release|Any CPU.ActiveCfg = Release|Any CPU
		{A3FB4AA9-F944-41A0-9315-377648C410D5}.Release|Any CPU.Build.0 = Release|Any CPU
		{A3FB4AA9-F944-41A0-9315-377648C410D5}.Release|x64.ActiveCfg = Release|Any CPU
		{A3FB4AA9-F944-41A0-9315-377648C410D5}.Release|x64.Build.0 = Release|Any CPU
		{A3FB4AA9-F944-41A0-9315-377648C410D5}.Release|x86.ActiveCfg = Release|Any CPU
		{A3FB4AA9-F944-41A0-9315-377648C410D5}.Release|x86.Build.0 = Release|Any CPU
		{11985EE3-60B1-430F-A00E-676D991D00A8}.Debug|Any CPU.ActiveCfg = Debug|Any CPU
		{11985EE3-60B1-430F-A00E-676D991D00A8}.Debug|Any CPU.Build.0 = Debug|Any CPU
		{11985EE3-60B1-430F-A00E-676D991D00A8}.Debug|x64.ActiveCfg = Debug|Any CPU
		{11985EE3-60B1-430F-A00E-676D991D00A8}.Debug|x64.Build.0 = Debug|Any CPU
		{11985EE3-60B1-430F-A00E-676D991D00A8}.Debug|x86.ActiveCfg = Debug|Any CPU
		{11985EE3-60B1-430F-A00E-676D991D00A8}.Debug|x86.Build.0 = Debug|Any CPU
		{11985EE3-60B1-430F-A00E-676D991D00A8}.Release|Any CPU.ActiveCfg = Release|Any CPU
		{11985EE3-60B1-430F-A00E-676D991D00A8}.Release|Any CPU.Build.0 = Release|Any CPU
		{11985EE3-60B1-430F-A00E-676D991D00A8}.Release|x64.ActiveCfg = Release|Any CPU
		{11985EE3-60B1-430F-A00E-676D991D00A8}.Release|x64.Build.0 = Release|Any CPU
		{11985EE3-60B1-430F-A00E-676D991D00A8}.Release|x86.ActiveCfg = Release|Any CPU
		{11985EE3-60B1-430F-A00E-676D991D00A8}.Release|x86.Build.0 = Release|Any CPU
		{8B15638A-B702-4E4E-B9EE-00FB2F45AD8A}.Debug|Any CPU.ActiveCfg = Debug|Any CPU
		{8B15638A-B702-4E4E-B9EE-00FB2F45AD8A}.Debug|Any CPU.Build.0 = Debug|Any CPU
		{8B15638A-B702-4E4E-B9EE-00FB2F45AD8A}.Debug|x64.ActiveCfg = Debug|Any CPU
		{8B15638A-B702-4E4E-B9EE-00FB2F45AD8A}.Debug|x64.Build.0 = Debug|Any CPU
		{8B15638A-B702-4E4E-B9EE-00FB2F45AD8A}.Debug|x86.ActiveCfg = Debug|Any CPU
		{8B15638A-B702-4E4E-B9EE-00FB2F45AD8A}.Debug|x86.Build.0 = Debug|Any CPU
		{8B15638A-B702-4E4E-B9EE-00FB2F45AD8A}.Release|Any CPU.ActiveCfg = Release|Any CPU
		{8B15638A-B702-4E4E-B9EE-00FB2F45AD8A}.Release|Any CPU.Build.0 = Release|Any CPU
		{8B15638A-B702-4E4E-B9EE-00FB2F45AD8A}.Release|x64.ActiveCfg = Release|Any CPU
		{8B15638A-B702-4E4E-B9EE-00FB2F45AD8A}.Release|x64.Build.0 = Release|Any CPU
		{8B15638A-B702-4E4E-B9EE-00FB2F45AD8A}.Release|x86.ActiveCfg = Release|Any CPU
		{8B15638A-B702-4E4E-B9EE-00FB2F45AD8A}.Release|x86.Build.0 = Release|Any CPU
		{ECE07D31-630F-4968-816D-001EED587019}.Debug|Any CPU.ActiveCfg = Debug|Any CPU
		{ECE07D31-630F-4968-816D-001EED587019}.Debug|Any CPU.Build.0 = Debug|Any CPU
		{ECE07D31-630F-4968-816D-001EED587019}.Debug|x64.ActiveCfg = Debug|Any CPU
		{ECE07D31-630F-4968-816D-001EED587019}.Debug|x64.Build.0 = Debug|Any CPU
		{ECE07D31-630F-4968-816D-001EED587019}.Debug|x86.ActiveCfg = Debug|Any CPU
		{ECE07D31-630F-4968-816D-001EED587019}.Debug|x86.Build.0 = Debug|Any CPU
		{ECE07D31-630F-4968-816D-001EED587019}.Release|Any CPU.ActiveCfg = Release|Any CPU
		{ECE07D31-630F-4968-816D-001EED587019}.Release|Any CPU.Build.0 = Release|Any CPU
		{ECE07D31-630F-4968-816D-001EED587019}.Release|x64.ActiveCfg = Release|Any CPU
		{ECE07D31-630F-4968-816D-001EED587019}.Release|x64.Build.0 = Release|Any CPU
		{ECE07D31-630F-4968-816D-001EED587019}.Release|x86.ActiveCfg = Release|Any CPU
		{ECE07D31-630F-4968-816D-001EED587019}.Release|x86.Build.0 = Release|Any CPU
		{57F3EBA5-5B28-4A9A-B353-970FB111915B}.Debug|Any CPU.ActiveCfg = Debug|Any CPU
		{57F3EBA5-5B28-4A9A-B353-970FB111915B}.Debug|Any CPU.Build.0 = Debug|Any CPU
		{57F3EBA5-5B28-4A9A-B353-970FB111915B}.Debug|x64.ActiveCfg = Debug|Any CPU
		{57F3EBA5-5B28-4A9A-B353-970FB111915B}.Debug|x64.Build.0 = Debug|Any CPU
		{57F3EBA5-5B28-4A9A-B353-970FB111915B}.Debug|x86.ActiveCfg = Debug|Any CPU
		{57F3EBA5-5B28-4A9A-B353-970FB111915B}.Debug|x86.Build.0 = Debug|Any CPU
		{57F3EBA5-5B28-4A9A-B353-970FB111915B}.Release|Any CPU.ActiveCfg = Release|Any CPU
		{57F3EBA5-5B28-4A9A-B353-970FB111915B}.Release|Any CPU.Build.0 = Release|Any CPU
		{57F3EBA5-5B28-4A9A-B353-970FB111915B}.Release|x64.ActiveCfg = Release|Any CPU
		{57F3EBA5-5B28-4A9A-B353-970FB111915B}.Release|x64.Build.0 = Release|Any CPU
		{57F3EBA5-5B28-4A9A-B353-970FB111915B}.Release|x86.ActiveCfg = Release|Any CPU
		{57F3EBA5-5B28-4A9A-B353-970FB111915B}.Release|x86.Build.0 = Release|Any CPU
	EndGlobalSection
	GlobalSection(SolutionProperties) = preSolution
		HideSolutionNode = FALSE
	EndGlobalSection
	GlobalSection(NestedProjects) = preSolution
		{A9F44B9C-BE7C-42C2-8CB7-73D6903F2843} = {60D02A9B-BD8A-21E2-79E7-27A6B3D0EB49}
		{5E1FFB85-2755-48AE-BCEA-0CCF0915BBA8} = {E68FBB0C-B825-439B-9865-1E41568FE97A}
		{492CBA12-1FFA-4BE8-92F3-1E31EE8105FD} = {E68FBB0C-B825-439B-9865-1E41568FE97A}
		{F896FC17-DD5D-494B-8690-4D1916D2B1BB} = {E68FBB0C-B825-439B-9865-1E41568FE97A}
		{ECE07D31-630F-4968-816D-001EED587019} = {5E1FFB85-2755-48AE-BCEA-0CCF0915BBA8}
		{1CA4EE8D-CCA3-45E1-AEA3-D19F64EC121A} = {492CBA12-1FFA-4BE8-92F3-1E31EE8105FD}
		{2EE44D0D-799A-43FF-84AA-421E09020D97} = {492CBA12-1FFA-4BE8-92F3-1E31EE8105FD}
		{BF193F25-98CE-47E9-BB87-20E4BD5EAA20} = {492CBA12-1FFA-4BE8-92F3-1E31EE8105FD}
		{57211E7D-4582-4366-AC90-F9F3BC7E8DDE} = {492CBA12-1FFA-4BE8-92F3-1E31EE8105FD}
		{A3FB4AA9-F944-41A0-9315-377648C410D5} = {F896FC17-DD5D-494B-8690-4D1916D2B1BB}
		{11985EE3-60B1-430F-A00E-676D991D00A8} = {F896FC17-DD5D-494B-8690-4D1916D2B1BB}
		{8B15638A-B702-4E4E-B9EE-00FB2F45AD8A} = {F896FC17-DD5D-494B-8690-4D1916D2B1BB}
		{57F3EBA5-5B28-4A9A-B353-970FB111915B} = {5E1FFB85-2755-48AE-BCEA-0CCF0915BBA8}
	EndGlobalSection
EndGlobal
