Microsoft Visual Studio Solution File, Format Version 12.00
# Visual Studio Version 17
VisualStudioVersion = 17.5.2.0
MinimumVisualStudioVersion = 10.0.40219.1
Project("{FAE04EC0-301F-11D3-BF4B-00C04F79EFBC}") = "HeroMcp", "HeroMcp.csproj", "{59C2BD25-0D8E-41AA-4929-F289D941BB42}"
EndProject
Global
	GlobalSection(SolutionConfigurationPlatforms) = preSolution
		Debug|Any CPU = Debug|Any CPU
		Release|Any CPU = Release|Any CPU
	EndGlobalSection
	GlobalSection(ProjectConfigurationPlatforms) = postSolution
		{59C2BD25-0D8E-41AA-4929-F289D941BB42}.Debug|Any CPU.ActiveCfg = Debug|Any CPU
		{59C2BD25-0D8E-41AA-4929-F289D941BB42}.Debug|Any CPU.Build.0 = Debug|Any CPU
		{59C2BD25-0D8E-41AA-4929-F289D941BB42}.Release|Any CPU.ActiveCfg = Release|Any CPU
		{59C2BD25-0D8E-41AA-4929-F289D941BB42}.Release|Any CPU.Build.0 = Release|Any CPU
	EndGlobalSection
	GlobalSection(SolutionProperties) = preSolution
		HideSolutionNode = FALSE
	EndGlobalSection
	GlobalSection(ExtensibilityGlobals) = postSolution
		SolutionGuid = {B0D6DDFA-7839-41A3-B168-A461D652FBF6}
	EndGlobalSection
EndGlobal
